<?xml version="1.0" encoding="UTF-8" standalone="yes" ?>
<CodeBlocks_project_file>
	<FileVersion major="1" minor="6" />
	<Project>
		<Option title="opt" />
		<Option pch_mode="2" />
		<Option compiler="gcc" />
		<Build>
			<Target title="Debug">
				<Option output="bin/Debug/opt" prefix_auto="1" extension_auto="1" />
				<Option object_output="obj/Debug/" />
				<Option type="1" />
				<Option compiler="gcc" />
				<Option parameters="-p 50 -g 5 -alg SMDE -eval APM -f -10 -F 0.5 -opDE 0-1-2-5 -nap 4 -sm LLR -smp 1 -s 1" />
				<Compiler>
					<Add option="-g" />
					<Add option="-DEIGEN2_SUPPORT" />
				</Compiler>
			</Target>
			<Target title="Release">
				<Option output="bin/Release/opt" prefix_auto="1" extension_auto="1" />
				<Option object_output="obj/Release/" />
				<Option type="1" />
				<Option compiler="gcc" />
				<Compiler>
					<Add option="-O2" />
				</Compiler>
				<Linker>
					<Add option="-s" />
				</Linker>
			</Target>
		</Build>
		<Compiler>
			<Add option="-Wall" />
			<Add option="-fexceptions" />
		</Compiler>
		<Unit filename="Main.cpp" />
		<Unit filename="algorithm/Algorithm.cpp" />
		<Unit filename="algorithm/Algorithm.h" />
		<Unit filename="algorithm/Algorithm_DE.cpp" />
		<Unit filename="algorithm/Algorithm_DE.h" />
		<Unit filename="algorithm/Algorithm_GA.cpp" />
		<Unit filename="algorithm/Algorithm_GA.h" />
		<Unit filename="aos/AOS.cpp" />
		<Unit filename="aos/AOS.h" />
		<Unit filename="aos/AdaptiveOperatorSelection.h" />
		<Unit filename="aos/cas/AUCCredit.cpp" />
		<Unit filename="aos/cas/AUCCredit.h" />
		<Unit filename="aos/cas/CreditAssignment.cpp" />
		<Unit filename="aos/cas/CreditAssignment.h" />
		<Unit filename="aos/cas/RankingCredit.cpp" />
		<Unit filename="aos/cas/RankingCredit.h" />
		<Unit filename="aos/cas/SUMCredit.cpp" />
		<Unit filename="aos/cas/SUMCredit.h" />
		<Unit filename="aos/osr/AUCBandit.cpp" />
		<Unit filename="aos/osr/AUCBandit.h" />
		<Unit filename="aos/osr/AdaptPursuit.cpp" />
		<Unit filename="aos/osr/AdaptPursuit.h" />
		<Unit filename="aos/osr/BanditAlone.cpp" />
		<Unit filename="aos/osr/BanditAlone.h" />
		<Unit filename="aos/osr/BanditRestart.cpp" />
		<Unit filename="aos/osr/BanditRestart.h" />
		<Unit filename="aos/osr/OperatorSelection.cpp" />
		<Unit filename="aos/osr/OperatorSelection.h" />
		<Unit filename="aos/osr/ProbMatching.cpp" />
		<Unit filename="aos/osr/ProbMatching.h" />
		<Unit filename="aos/osr/Uniform.cpp" />
		<Unit filename="aos/osr/Uniform.h" />
		<Unit filename="aos/osr/mab/AUCOption.cpp" />
		<Unit filename="aos/osr/mab/AUCOption.h" />
		<Unit filename="aos/osr/mab/AdaptivePH.h" />
		<Unit filename="aos/osr/mab/DynOption.h" />
		<Unit filename="aos/osr/mab/Option.cpp" />
		<Unit filename="aos/osr/mab/Option.h" />
		<Unit filename="aos/ubcsat/mt19937ar.cpp" />
		<Unit filename="aos/ubcsat/random.h" />
		<Unit filename="base/Exception.cpp" />
		<Unit filename="base/Exception.h" />
		<Unit filename="base/Individual.cpp" />
		<Unit filename="base/Individual.h" />
		<Unit filename="base/Input.cpp" />
		<Unit filename="base/Input.h" />
		<Unit filename="base/Tools.cpp" />
		<Unit filename="base/Tools.h" />
		<Unit filename="blde/Algorithm_BLDE.cpp" />
		<Unit filename="blde/Algorithm_BLDE.h" />
		<Unit filename="blde/Algorithm_BLDE_Follower.cpp" />
		<Unit filename="blde/Algorithm_BLDE_Follower.h" />
		<Unit filename="esmde/Algorithm_ESMDE.cpp" />
		<Unit filename="esmde/Algorithm_ESMDE.h" />
		<Unit filename="evaluate/Evaluate.cpp" />
		<Unit filename="evaluate/Evaluate.h" />
		<Unit filename="evaluate/Evaluate_APM.cpp" />
		<Unit filename="evaluate/Evaluate_APM.h" />
		<Unit filename="evaluate/Evaluate_APM_Damping.cpp" />
		<Unit filename="evaluate/Evaluate_APM_Damping.h" />
		<Unit filename="evaluate/Evaluate_APM_Monotonic.cpp" />
		<Unit filename="evaluate/Evaluate_APM_Monotonic.h" />
		<Unit filename="evaluate/Evaluate_BLDE.cpp" />
		<Unit filename="evaluate/Evaluate_BLDE.h" />
		<Unit filename="evaluate/Evaluate_Deb.cpp" />
		<Unit filename="evaluate/Evaluate_Deb.h" />
		<Unit filename="function/Function.cpp" />
		<Unit filename="function/Function.h" />
		<Unit filename="function/Function_BBOB.cpp" />
		<Unit filename="function/Function_BBOB.h" />
		<Unit filename="function/Function_F.cpp" />
		<Unit filename="function/Function_F.h" />
		<Unit filename="function/Function_G.cpp" />
		<Unit filename="function/Function_G.h" />
		<Unit filename="function/Function_Mechanic.cpp" />
		<Unit filename="function/Function_Mechanic.h" />
		<Unit filename="function/Function_SMD.cpp" />
		<Unit filename="function/Function_SMD.h" />
		<Unit filename="function/Function_Truss.cpp" />
		<Unit filename="function/Function_Truss.h" />
		<Unit filename="function/Function_Unconstrained.cpp" />
		<Unit filename="function/Function_Unconstrained.h" />
		<Unit filename="function/bbob/bbobStructures.h" />
		<Unit filename="function/bbob/benchmarks.cpp" />
		<Unit filename="function/bbob/benchmarks.h" />
		<Unit filename="function/bbob/benchmarksdeclare.cpp" />
		<Unit filename="function/bbob/benchmarksdeclare.h" />
		<Unit filename="function/bbob/benchmarkshelper.cpp" />
		<Unit filename="function/bbob/benchmarkshelper.h" />
		<Unit filename="function/bbob/benchmarksnoisy.cpp" />
		<Unit filename="function/bbob/benchmarksnoisy.h" />
		<Unit filename="function/bbob/dirOK.cpp" />
		<Unit filename="function/bbob/fgeneric.cpp" />
		<Unit filename="function/function_f/functions_code.cpp" />
		<Unit filename="function/function_f/functions_code.h" />
		<Unit filename="function/truss/F111Truss200Bar.cpp" />
		<Unit filename="function/truss/F111Truss200Bar.h" />
		<Unit filename="function/truss/F112Truss200BarDiscrete.cpp" />
		<Unit filename="function/truss/F112Truss200BarDiscrete.h" />
		<Unit filename="function/truss/F113Truss960Bar.cpp" />
		<Unit filename="function/truss/F113Truss960Bar.h" />
		<Unit filename="function/truss/F114Truss960BarDiscrete.cpp" />
		<Unit filename="function/truss/F114Truss960BarDiscrete.h" />
		<Unit filename="function/truss/Function_Truss_10_Bar.cpp" />
		<Unit filename="function/truss/Function_Truss_10_Bar.h" />
		<Unit filename="function/truss/Function_Truss_10_Bar_Discrete.cpp" />
		<Unit filename="function/truss/Function_Truss_10_Bar_Discrete.h" />
		<Unit filename="function/truss/Function_Truss_25_Bar.cpp" />
		<Unit filename="function/truss/Function_Truss_25_Bar.h" />
		<Unit filename="function/truss/Function_Truss_25_Bar_Discrete.cpp" />
		<Unit filename="function/truss/Function_Truss_25_Bar_Discrete.h" />
		<Unit filename="function/truss/Function_Truss_60_Bar.cpp" />
		<Unit filename="function/truss/Function_Truss_60_Bar.h" />
		<Unit filename="function/truss/Function_Truss_60_Bar_Discrete.cpp" />
		<Unit filename="function/truss/Function_Truss_60_Bar_Discrete.h" />
		<Unit filename="function/truss/Function_Truss_72_Bar.cpp" />
		<Unit filename="function/truss/Function_Truss_72_Bar.h" />
		<Unit filename="function/truss/Function_Truss_72_Bar_Discrete.cpp" />
		<Unit filename="function/truss/Function_Truss_72_Bar_Discrete.h" />
		<Unit filename="function/truss/Function_Truss_942_Bar.cpp" />
		<Unit filename="function/truss/Function_Truss_942_Bar.h" />
		<Unit filename="function/truss/Function_Truss_942_Bar_Discrete.cpp" />
		<Unit filename="function/truss/Function_Truss_942_Bar_Discrete.h" />
		<Unit filename="function/truss/Problem.cpp" />
		<Unit filename="function/truss/Problem.h" />
		<Unit filename="function/truss/Truss_Bar_Structure_Static_Problem.cpp" />
		<Unit filename="function/truss/Truss_Bar_Structure_Static_Problem.h" />
		<Unit filename="function/truss/simulator/Truss_Bar_Structure_Static_Simulator.cpp" />
		<Unit filename="function/truss/simulator/Truss_Bar_Structure_Static_Simulator.h" />
		<Unit filename="hybridAOS/Algorithm_DE_AOS.cpp" />
		<Unit filename="hybridAOS/Algorithm_DE_AOS.h" />
		<Unit filename="hybridAOS/Algorithm_GA_AOS.cpp" />
		<Unit filename="hybridAOS/Algorithm_GA_AOS.h" />
		<Unit filename="hybridAOS/Algorithm_HybridOp_AOS.cpp" />
		<Unit filename="hybridAOS/Algorithm_HybridOp_AOS.h" />
		<Unit filename="hybridAOS/Algorithm_Hybrid_AOS.cpp" />
		<Unit filename="hybridAOS/Algorithm_Hybrid_AOS.h" />
		<Unit filename="includes.h" />
		<Unit filename="operator/Manager_Operator.cpp" />
		<Unit filename="operator/Manager_Operator.h" />
		<Unit filename="operator/Operator.cpp" />
		<Unit filename="operator/Operator.h" />
		<Unit filename="operator/Operator_CX_1X.cpp" />
		<Unit filename="operator/Operator_CX_1X.h" />
		<Unit filename="operator/Operator_CX_BLXa.cpp" />
		<Unit filename="operator/Operator_CX_BLXa.h" />
		<Unit filename="operator/Operator_CX_SBX.cpp" />
		<Unit filename="operator/Operator_CX_SBX.h" />
		<Unit filename="operator/Operator_CX_Uniform.cpp" />
		<Unit filename="operator/Operator_CX_Uniform.h" />
		<Unit filename="operator/Operator_MT_DE_Best.cpp" />
		<Unit filename="operator/Operator_MT_DE_Best.h" />
		<Unit filename="operator/Operator_MT_DE_Current_Best.cpp" />
		<Unit filename="operator/Operator_MT_DE_Current_Best.h" />
		<Unit filename="operator/Operator_MT_DE_Current_Rand.cpp" />
		<Unit filename="operator/Operator_MT_DE_Current_Rand.h" />
		<Unit filename="operator/Operator_MT_DE_Rand.cpp" />
		<Unit filename="operator/Operator_MT_DE_Rand.h" />
		<Unit filename="operator/Operator_MT_DE_Rand2.cpp" />
		<Unit filename="operator/Operator_MT_DE_Rand2.h" />
		<Unit filename="operator/Operator_MT_DE_Rand_Best.cpp" />
		<Unit filename="operator/Operator_MT_DE_Rand_Best.h" />
		<Unit filename="operator/Operator_MT_Delta.cpp" />
		<Unit filename="operator/Operator_MT_Delta.h" />
		<Unit filename="operator/Operator_MT_NonUniform.cpp" />
		<Unit filename="operator/Operator_MT_NonUniform.h" />
		<Unit filename="operator/Operator_MT_Rand.cpp" />
		<Unit filename="operator/Operator_MT_Rand.h" />
		<Unit filename="slsde/Algorithm_SLSDE.cpp" />
		<Unit filename="slsde/Algorithm_SLSDE.h" />
		<Unit filename="smde/Algorithm_SMDE.cpp" />
		<Unit filename="smde/Algorithm_SMDE.h" />
		<Unit filename="smde/Algorithm_SMDE_aKnn.cpp" />
		<Unit filename="smde/Algorithm_SMDE_aKnn.h" />
		<Unit filename="surrogate/Evaluate_Surrogate.cpp" />
		<Unit filename="surrogate/Evaluate_Surrogate.h" />
		<Unit filename="surrogate/Evaluate_Surrogate_LLR.cpp" />
		<Unit filename="surrogate/Evaluate_Surrogate_LLR.h" />
		<Unit filename="surrogate/Evaluate_Surrogate_LWR.cpp" />
		<Unit filename="surrogate/Evaluate_Surrogate_LWR.h" />
		<Unit filename="surrogate/Evaluate_Surrogate_NN.cpp" />
		<Unit filename="surrogate/Evaluate_Surrogate_NN.h" />
		<Unit filename="surrogate/Evaluate_Surrogate_RBF.cpp" />
		<Unit filename="surrogate/Evaluate_Surrogate_RBF.h" />
		<Unit filename="surrogate/Manager_Surrogate.cpp" />
		<Unit filename="surrogate/Manager_Surrogate.h" />
		<Unit filename="surrogate/algebra/Algebra.cpp" />
		<Unit filename="surrogate/algebra/Algebra.h" />
		<Unit filename="surrogate/algebra/Eigen/src/Cholesky/LDLT.h" />
		<Unit filename="surrogate/algebra/Eigen/src/Cholesky/LLT.h" />
		<Unit filename="surrogate/algebra/Eigen/src/Cholesky/LLT_MKL.h" />
		<Unit filename="surrogate/algebra/Eigen/src/CholmodSupport/CholmodSupport.h" />
		<Unit filename="surrogate/algebra/Eigen/src/Core/Array.h" />
		<Unit filename="surrogate/algebra/Eigen/src/Core/ArrayBase.h" />
		<Unit filename="surrogate/algebra/Eigen/src/Core/ArrayWrapper.h" />
		<Unit filename="surrogate/algebra/Eigen/src/Core/Assign.h" />
		<Unit filename="surrogate/algebra/Eigen/src/Core/Assign_MKL.h" />
		<Unit filename="surrogate/algebra/Eigen/src/Core/BandMatrix.h" />
		<Unit filename="surrogate/algebra/Eigen/src/Core/Block.h" />
		<Unit filename="surrogate/algebra/Eigen/src/Core/BooleanRedux.h" />
		<Unit filename="surrogate/algebra/Eigen/src/Core/CommaInitializer.h" />
		<Unit filename="surrogate/algebra/Eigen/src/Core/CwiseBinaryOp.h" />
		<Unit filename="surrogate/algebra/Eigen/src/Core/CwiseNullaryOp.h" />
		<Unit filename="surrogate/algebra/Eigen/src/Core/CwiseUnaryOp.h" />
		<Unit filename="surrogate/algebra/Eigen/src/Core/CwiseUnaryView.h" />
		<Unit filename="surrogate/algebra/Eigen/src/Core/DenseBase.h" />
		<Unit filename="surrogate/algebra/Eigen/src/Core/DenseCoeffsBase.h" />
		<Unit filename="surrogate/algebra/Eigen/src/Core/DenseStorage.h" />
		<Unit filename="surrogate/algebra/Eigen/src/Core/Diagonal.h" />
		<Unit filename="surrogate/algebra/Eigen/src/Core/DiagonalMatrix.h" />
		<Unit filename="surrogate/algebra/Eigen/src/Core/DiagonalProduct.h" />
		<Unit filename="surrogate/algebra/Eigen/src/Core/Dot.h" />
		<Unit filename="surrogate/algebra/Eigen/src/Core/EigenBase.h" />
		<Unit filename="surrogate/algebra/Eigen/src/Core/Flagged.h" />
		<Unit filename="surrogate/algebra/Eigen/src/Core/ForceAlignedAccess.h" />
		<Unit filename="surrogate/algebra/Eigen/src/Core/Functors.h" />
		<Unit filename="surrogate/algebra/Eigen/src/Core/Fuzzy.h" />
		<Unit filename="surrogate/algebra/Eigen/src/Core/GeneralProduct.h" />
		<Unit filename="surrogate/algebra/Eigen/src/Core/GenericPacketMath.h" />
		<Unit filename="surrogate/algebra/Eigen/src/Core/GlobalFunctions.h" />
		<Unit filename="surrogate/algebra/Eigen/src/Core/IO.h" />
		<Unit filename="surrogate/algebra/Eigen/src/Core/Map.h" />
		<Unit filename="surrogate/algebra/Eigen/src/Core/MapBase.h" />
		<Unit filename="surrogate/algebra/Eigen/src/Core/MathFunctions.h" />
		<Unit filename="surrogate/algebra/Eigen/src/Core/Matrix.h" />
		<Unit filename="surrogate/algebra/Eigen/src/Core/MatrixBase.h" />
		<Unit filename="surrogate/algebra/Eigen/src/Core/NestByValue.h" />
		<Unit filename="surrogate/algebra/Eigen/src/Core/NoAlias.h" />
		<Unit filename="surrogate/algebra/Eigen/src/Core/NumTraits.h" />
		<Unit filename="surrogate/algebra/Eigen/src/Core/PermutationMatrix.h" />
		<Unit filename="surrogate/algebra/Eigen/src/Core/PlainObjectBase.h" />
		<Unit filename="surrogate/algebra/Eigen/src/Core/Product.h" />
		<Unit filename="surrogate/algebra/Eigen/src/Core/ProductBase.h" />
		<Unit filename="surrogate/algebra/Eigen/src/Core/Random.h" />
		<Unit filename="surrogate/algebra/Eigen/src/Core/Redux.h" />
		<Unit filename="surrogate/algebra/Eigen/src/Core/Replicate.h" />
		<Unit filename="surrogate/algebra/Eigen/src/Core/ReturnByValue.h" />
		<Unit filename="surrogate/algebra/Eigen/src/Core/Reverse.h" />
		<Unit filename="surrogate/algebra/Eigen/src/Core/Select.h" />
		<Unit filename="surrogate/algebra/Eigen/src/Core/SelfAdjointView.h" />
		<Unit filename="surrogate/algebra/Eigen/src/Core/SelfCwiseBinaryOp.h" />
		<Unit filename="surrogate/algebra/Eigen/src/Core/SolveTriangular.h" />
		<Unit filename="surrogate/algebra/Eigen/src/Core/StableNorm.h" />
		<Unit filename="surrogate/algebra/Eigen/src/Core/Stride.h" />
		<Unit filename="surrogate/algebra/Eigen/src/Core/Swap.h" />
		<Unit filename="surrogate/algebra/Eigen/src/Core/Transpose.h" />
		<Unit filename="surrogate/algebra/Eigen/src/Core/Transpositions.h" />
		<Unit filename="surrogate/algebra/Eigen/src/Core/TriangularMatrix.h" />
		<Unit filename="surrogate/algebra/Eigen/src/Core/VectorBlock.h" />
		<Unit filename="surrogate/algebra/Eigen/src/Core/VectorwiseOp.h" />
		<Unit filename="surrogate/algebra/Eigen/src/Core/Visitor.h" />
		<Unit filename="surrogate/algebra/Eigen/src/Core/arch/AltiVec/Complex.h" />
		<Unit filename="surrogate/algebra/Eigen/src/Core/arch/AltiVec/PacketMath.h" />
		<Unit filename="surrogate/algebra/Eigen/src/Core/arch/Default/Settings.h" />
		<Unit filename="surrogate/algebra/Eigen/src/Core/arch/NEON/Complex.h" />
		<Unit filename="surrogate/algebra/Eigen/src/Core/arch/NEON/PacketMath.h" />
		<Unit filename="surrogate/algebra/Eigen/src/Core/arch/SSE/Complex.h" />
		<Unit filename="surrogate/algebra/Eigen/src/Core/arch/SSE/MathFunctions.h" />
		<Unit filename="surrogate/algebra/Eigen/src/Core/arch/SSE/PacketMath.h" />
		<Unit filename="surrogate/algebra/Eigen/src/Core/products/CoeffBasedProduct.h" />
		<Unit filename="surrogate/algebra/Eigen/src/Core/products/GeneralBlockPanelKernel.h" />
		<Unit filename="surrogate/algebra/Eigen/src/Core/products/GeneralMatrixMatrix.h" />
		<Unit filename="surrogate/algebra/Eigen/src/Core/products/GeneralMatrixMatrixTriangular.h" />
		<Unit filename="surrogate/algebra/Eigen/src/Core/products/GeneralMatrixMatrixTriangular_MKL.h" />
		<Unit filename="surrogate/algebra/Eigen/src/Core/products/GeneralMatrixMatrix_MKL.h" />
		<Unit filename="surrogate/algebra/Eigen/src/Core/products/GeneralMatrixVector.h" />
		<Unit filename="surrogate/algebra/Eigen/src/Core/products/GeneralMatrixVector_MKL.h" />
		<Unit filename="surrogate/algebra/Eigen/src/Core/products/Parallelizer.h" />
		<Unit filename="surrogate/algebra/Eigen/src/Core/products/SelfadjointMatrixMatrix.h" />
		<Unit filename="surrogate/algebra/Eigen/src/Core/products/SelfadjointMatrixMatrix_MKL.h" />
		<Unit filename="surrogate/algebra/Eigen/src/Core/products/SelfadjointMatrixVector.h" />
		<Unit filename="surrogate/algebra/Eigen/src/Core/products/SelfadjointMatrixVector_MKL.h" />
		<Unit filename="surrogate/algebra/Eigen/src/Core/products/SelfadjointProduct.h" />
		<Unit filename="surrogate/algebra/Eigen/src/Core/products/SelfadjointRank2Update.h" />
		<Unit filename="surrogate/algebra/Eigen/src/Core/products/TriangularMatrixMatrix.h" />
		<Unit filename="surrogate/algebra/Eigen/src/Core/products/TriangularMatrixMatrix_MKL.h" />
		<Unit filename="surrogate/algebra/Eigen/src/Core/products/TriangularMatrixVector.h" />
		<Unit filename="surrogate/algebra/Eigen/src/Core/products/TriangularMatrixVector_MKL.h" />
		<Unit filename="surrogate/algebra/Eigen/src/Core/products/TriangularSolverMatrix.h" />
		<Unit filename="surrogate/algebra/Eigen/src/Core/products/TriangularSolverMatrix_MKL.h" />
		<Unit filename="surrogate/algebra/Eigen/src/Core/products/TriangularSolverVector.h" />
		<Unit filename="surrogate/algebra/Eigen/src/Core/util/BlasUtil.h" />
		<Unit filename="surrogate/algebra/Eigen/src/Core/util/Constants.h" />
		<Unit filename="surrogate/algebra/Eigen/src/Core/util/DisableStupidWarnings.h" />
		<Unit filename="surrogate/algebra/Eigen/src/Core/util/ForwardDeclarations.h" />
		<Unit filename="surrogate/algebra/Eigen/src/Core/util/MKL_support.h" />
		<Unit filename="surrogate/algebra/Eigen/src/Core/util/Macros.h" />
		<Unit filename="surrogate/algebra/Eigen/src/Core/util/Memory.h" />
		<Unit filename="surrogate/algebra/Eigen/src/Core/util/Meta.h" />
		<Unit filename="surrogate/algebra/Eigen/src/Core/util/ReenableStupidWarnings.h" />
		<Unit filename="surrogate/algebra/Eigen/src/Core/util/StaticAssert.h" />
		<Unit filename="surrogate/algebra/Eigen/src/Core/util/XprHelper.h" />
		<Unit filename="surrogate/algebra/Eigen/src/Eigen2Support/Block.h" />
		<Unit filename="surrogate/algebra/Eigen/src/Eigen2Support/Cwise.h" />
		<Unit filename="surrogate/algebra/Eigen/src/Eigen2Support/CwiseOperators.h" />
		<Unit filename="surrogate/algebra/Eigen/src/Eigen2Support/Geometry/AlignedBox.h" />
		<Unit filename="surrogate/algebra/Eigen/src/Eigen2Support/Geometry/All.h" />
		<Unit filename="surrogate/algebra/Eigen/src/Eigen2Support/Geometry/AngleAxis.h" />
		<Unit filename="surrogate/algebra/Eigen/src/Eigen2Support/Geometry/Hyperplane.h" />
		<Unit filename="surrogate/algebra/Eigen/src/Eigen2Support/Geometry/ParametrizedLine.h" />
		<Unit filename="surrogate/algebra/Eigen/src/Eigen2Support/Geometry/Quaternion.h" />
		<Unit filename="surrogate/algebra/Eigen/src/Eigen2Support/Geometry/Rotation2D.h" />
		<Unit filename="surrogate/algebra/Eigen/src/Eigen2Support/Geometry/RotationBase.h" />
		<Unit filename="surrogate/algebra/Eigen/src/Eigen2Support/Geometry/Scaling.h" />
		<Unit filename="surrogate/algebra/Eigen/src/Eigen2Support/Geometry/Transform.h" />
		<Unit filename="surrogate/algebra/Eigen/src/Eigen2Support/Geometry/Translation.h" />
		<Unit filename="surrogate/algebra/Eigen/src/Eigen2Support/LU.h" />
		<Unit filename="surrogate/algebra/Eigen/src/Eigen2Support/Lazy.h" />
		<Unit filename="surrogate/algebra/Eigen/src/Eigen2Support/LeastSquares.h" />
		<Unit filename="surrogate/algebra/Eigen/src/Eigen2Support/Macros.h" />
		<Unit filename="surrogate/algebra/Eigen/src/Eigen2Support/MathFunctions.h" />
		<Unit filename="surrogate/algebra/Eigen/src/Eigen2Support/Memory.h" />
		<Unit filename="surrogate/algebra/Eigen/src/Eigen2Support/Meta.h" />
		<Unit filename="surrogate/algebra/Eigen/src/Eigen2Support/Minor.h" />
		<Unit filename="surrogate/algebra/Eigen/src/Eigen2Support/QR.h" />
		<Unit filename="surrogate/algebra/Eigen/src/Eigen2Support/SVD.h" />
		<Unit filename="surrogate/algebra/Eigen/src/Eigen2Support/TriangularSolver.h" />
		<Unit filename="surrogate/algebra/Eigen/src/Eigen2Support/VectorBlock.h" />
		<Unit filename="surrogate/algebra/Eigen/src/Eigenvalues/ComplexEigenSolver.h" />
		<Unit filename="surrogate/algebra/Eigen/src/Eigenvalues/ComplexSchur.h" />
		<Unit filename="surrogate/algebra/Eigen/src/Eigenvalues/ComplexSchur_MKL.h" />
		<Unit filename="surrogate/algebra/Eigen/src/Eigenvalues/EigenSolver.h" />
		<Unit filename="surrogate/algebra/Eigen/src/Eigenvalues/GeneralizedSelfAdjointEigenSolver.h" />
		<Unit filename="surrogate/algebra/Eigen/src/Eigenvalues/HessenbergDecomposition.h" />
		<Unit filename="surrogate/algebra/Eigen/src/Eigenvalues/MatrixBaseEigenvalues.h" />
		<Unit filename="surrogate/algebra/Eigen/src/Eigenvalues/RealSchur.h" />
		<Unit filename="surrogate/algebra/Eigen/src/Eigenvalues/RealSchur_MKL.h" />
		<Unit filename="surrogate/algebra/Eigen/src/Eigenvalues/SelfAdjointEigenSolver.h" />
		<Unit filename="surrogate/algebra/Eigen/src/Eigenvalues/SelfAdjointEigenSolver_MKL.h" />
		<Unit filename="surrogate/algebra/Eigen/src/Eigenvalues/Tridiagonalization.h" />
		<Unit filename="surrogate/algebra/Eigen/src/Geometry/AlignedBox.h" />
		<Unit filename="surrogate/algebra/Eigen/src/Geometry/AngleAxis.h" />
		<Unit filename="surrogate/algebra/Eigen/src/Geometry/EulerAngles.h" />
		<Unit filename="surrogate/algebra/Eigen/src/Geometry/Homogeneous.h" />
		<Unit filename="surrogate/algebra/Eigen/src/Geometry/Hyperplane.h" />
		<Unit filename="surrogate/algebra/Eigen/src/Geometry/OrthoMethods.h" />
		<Unit filename="surrogate/algebra/Eigen/src/Geometry/ParametrizedLine.h" />
		<Unit filename="surrogate/algebra/Eigen/src/Geometry/Quaternion.h" />
		<Unit filename="surrogate/algebra/Eigen/src/Geometry/Rotation2D.h" />
		<Unit filename="surrogate/algebra/Eigen/src/Geometry/RotationBase.h" />
		<Unit filename="surrogate/algebra/Eigen/src/Geometry/Scaling.h" />
		<Unit filename="surrogate/algebra/Eigen/src/Geometry/Transform.h" />
		<Unit filename="surrogate/algebra/Eigen/src/Geometry/Translation.h" />
		<Unit filename="surrogate/algebra/Eigen/src/Geometry/Umeyama.h" />
		<Unit filename="surrogate/algebra/Eigen/src/Geometry/arch/Geometry_SSE.h" />
		<Unit filename="surrogate/algebra/Eigen/src/Householder/BlockHouseholder.h" />
		<Unit filename="surrogate/algebra/Eigen/src/Householder/Householder.h" />
		<Unit filename="surrogate/algebra/Eigen/src/Householder/HouseholderSequence.h" />
		<Unit filename="surrogate/algebra/Eigen/src/IterativeLinearSolvers/BasicPreconditioners.h" />
		<Unit filename="surrogate/algebra/Eigen/src/IterativeLinearSolvers/BiCGSTAB.h" />
		<Unit filename="surrogate/algebra/Eigen/src/IterativeLinearSolvers/ConjugateGradient.h" />
		<Unit filename="surrogate/algebra/Eigen/src/IterativeLinearSolvers/IncompleteLUT.h" />
		<Unit filename="surrogate/algebra/Eigen/src/IterativeLinearSolvers/IterativeSolverBase.h" />
		<Unit filename="surrogate/algebra/Eigen/src/Jacobi/Jacobi.h" />
		<Unit filename="surrogate/algebra/Eigen/src/LU/Determinant.h" />
		<Unit filename="surrogate/algebra/Eigen/src/LU/FullPivLU.h" />
		<Unit filename="surrogate/algebra/Eigen/src/LU/Inverse.h" />
		<Unit filename="surrogate/algebra/Eigen/src/LU/PartialPivLU.h" />
		<Unit filename="surrogate/algebra/Eigen/src/LU/PartialPivLU_MKL.h" />
		<Unit filename="surrogate/algebra/Eigen/src/LU/arch/Inverse_SSE.h" />
		<Unit filename="surrogate/algebra/Eigen/src/OrderingMethods/Amd.h" />
		<Unit filename="surrogate/algebra/Eigen/src/PaStiXSupport/PaStiXSupport.h" />
		<Unit filename="surrogate/algebra/Eigen/src/PardisoSupport/PardisoSupport.h" />
		<Unit filename="surrogate/algebra/Eigen/src/QR/ColPivHouseholderQR.h" />
		<Unit filename="surrogate/algebra/Eigen/src/QR/ColPivHouseholderQR_MKL.h" />
		<Unit filename="surrogate/algebra/Eigen/src/QR/FullPivHouseholderQR.h" />
		<Unit filename="surrogate/algebra/Eigen/src/QR/HouseholderQR.h" />
		<Unit filename="surrogate/algebra/Eigen/src/QR/HouseholderQR_MKL.h" />
		<Unit filename="surrogate/algebra/Eigen/src/SVD/JacobiSVD.h" />
		<Unit filename="surrogate/algebra/Eigen/src/SVD/JacobiSVD_MKL.h" />
		<Unit filename="surrogate/algebra/Eigen/src/SVD/UpperBidiagonalization.h" />
		<Unit filename="surrogate/algebra/Eigen/src/SparseCholesky/SimplicialCholesky.h" />
		<Unit filename="surrogate/algebra/Eigen/src/SparseCore/AmbiVector.h" />
		<Unit filename="surrogate/algebra/Eigen/src/SparseCore/CompressedStorage.h" />
		<Unit filename="surrogate/algebra/Eigen/src/SparseCore/ConservativeSparseSparseProduct.h" />
		<Unit filename="surrogate/algebra/Eigen/src/SparseCore/CoreIterators.h" />
		<Unit filename="surrogate/algebra/Eigen/src/SparseCore/MappedSparseMatrix.h" />
		<Unit filename="surrogate/algebra/Eigen/src/SparseCore/SparseAssign.h" />
		<Unit filename="surrogate/algebra/Eigen/src/SparseCore/SparseBlock.h" />
		<Unit filename="surrogate/algebra/Eigen/src/SparseCore/SparseCwiseBinaryOp.h" />
		<Unit filename="surrogate/algebra/Eigen/src/SparseCore/SparseCwiseUnaryOp.h" />
		<Unit filename="surrogate/algebra/Eigen/src/SparseCore/SparseDenseProduct.h" />
		<Unit filename="surrogate/algebra/Eigen/src/SparseCore/SparseDiagonalProduct.h" />
		<Unit filename="surrogate/algebra/Eigen/src/SparseCore/SparseDot.h" />
		<Unit filename="surrogate/algebra/Eigen/src/SparseCore/SparseFuzzy.h" />
		<Unit filename="surrogate/algebra/Eigen/src/SparseCore/SparseMatrix.h" />
		<Unit filename="surrogate/algebra/Eigen/src/SparseCore/SparseMatrixBase.h" />
		<Unit filename="surrogate/algebra/Eigen/src/SparseCore/SparsePermutation.h" />
		<Unit filename="surrogate/algebra/Eigen/src/SparseCore/SparseProduct.h" />
		<Unit filename="surrogate/algebra/Eigen/src/SparseCore/SparseRedux.h" />
		<Unit filename="surrogate/algebra/Eigen/src/SparseCore/SparseSelfAdjointView.h" />
		<Unit filename="surrogate/algebra/Eigen/src/SparseCore/SparseSparseProductWithPruning.h" />
		<Unit filename="surrogate/algebra/Eigen/src/SparseCore/SparseTranspose.h" />
		<Unit filename="surrogate/algebra/Eigen/src/SparseCore/SparseTriangularView.h" />
		<Unit filename="surrogate/algebra/Eigen/src/SparseCore/SparseUtil.h" />
		<Unit filename="surrogate/algebra/Eigen/src/SparseCore/SparseVector.h" />
		<Unit filename="surrogate/algebra/Eigen/src/SparseCore/SparseView.h" />
		<Unit filename="surrogate/algebra/Eigen/src/SparseCore/TriangularSolver.h" />
		<Unit filename="surrogate/algebra/Eigen/src/StlSupport/StdDeque.h" />
		<Unit filename="surrogate/algebra/Eigen/src/StlSupport/StdList.h" />
		<Unit filename="surrogate/algebra/Eigen/src/StlSupport/StdVector.h" />
		<Unit filename="surrogate/algebra/Eigen/src/StlSupport/details.h" />
		<Unit filename="surrogate/algebra/Eigen/src/SuperLUSupport/SuperLUSupport.h" />
		<Unit filename="surrogate/algebra/Eigen/src/UmfPackSupport/UmfPackSupport.h" />
		<Unit filename="surrogate/algebra/Eigen/src/misc/Image.h" />
		<Unit filename="surrogate/algebra/Eigen/src/misc/Kernel.h" />
		<Unit filename="surrogate/algebra/Eigen/src/misc/Solve.h" />
		<Unit filename="surrogate/algebra/Eigen/src/misc/SparseSolve.h" />
		<Unit filename="surrogate/algebra/Eigen/src/misc/blas.h" />
		<Unit filename="surrogate/algebra/Eigen/src/plugins/ArrayCwiseBinaryOps.h" />
		<Unit filename="surrogate/algebra/Eigen/src/plugins/ArrayCwiseUnaryOps.h" />
		<Unit filename="surrogate/algebra/Eigen/src/plugins/BlockMethods.h" />
		<Unit filename="surrogate/algebra/Eigen/src/plugins/CommonCwiseBinaryOps.h" />
		<Unit filename="surrogate/algebra/Eigen/src/plugins/CommonCwiseUnaryOps.h" />
		<Unit filename="surrogate/algebra/Eigen/src/plugins/MatrixCwiseBinaryOps.h" />
		<Unit filename="surrogate/algebra/Eigen/src/plugins/MatrixCwiseUnaryOps.h" />
		<Unit filename="surrogate/algebra/distribution/prob.cpp" />
		<Unit filename="surrogate/algebra/distribution/prob.hpp" />
		<Unit filename="surrogate/kdtree/KDTree.cpp" />
		<Unit filename="surrogate/kdtree/KDTree.h" />
		<Extensions>
			<envvars />
			<code_completion />
			<lib_finder disable_auto="1" />
			<debugger />
		</Extensions>
	</Project>
</CodeBlocks_project_file>
